
Microsoft Visual Studio Solution File, Format Version 12.00
# Visual Studio Version 17
VisualStudioVersion = 17.10.34818.151
MinimumVisualStudioVersion = 10.0.40219.1
Project("{FAE04EC0-301F-11D3-BF4B-00C04F79EFBC}") = "WebApp", "WebApp\WebApp.csproj", "{CDA87A92-8870-40C5-BF3B-8F51284A85A6}"
EndProject
Project("{FAE04EC0-301F-11D3-BF4B-00C04F79EFBC}") = "WebApp.Client", "WebApp.Client\WebApp.Client.csproj", "{72A9E1EB-C3A3-46B8-8E5E-1DDD557F1591}"
EndProject
Global
	GlobalSection(SolutionConfigurationPlatforms) = preSolution
		Debug|Any CPU = Debug|Any CPU
		Release|Any CPU = Release|Any CPU
	EndGlobalSection
	GlobalSection(ProjectConfigurationPlatforms) = postSolution
		{CDA87A92-8870-40C5-BF3B-8F51284A85A6}.Debug|Any CPU.ActiveCfg = Debug|Any CPU
		{CDA87A92-8870-40C5-BF3B-8F51284A85A6}.Debug|Any CPU.Build.0 = Debug|Any CPU
		{CDA87A92-8870-40C5-BF3B-8F51284A85A6}.Release|Any CPU.ActiveCfg = Release|Any CPU
		{CDA87A92-8870-40C5-BF3B-8F51284A85A6}.Release|Any CPU.Build.0 = Release|Any CPU
		{72A9E1EB-C3A3-46B8-8E5E-1DDD557F1591}.Debug|Any CPU.ActiveCfg = Debug|Any CPU
		{72A9E1EB-C3A3-46B8-8E5E-1DDD557F1591}.Debug|Any CPU.Build.0 = Debug|Any CPU
		{72A9E1EB-C3A3-46B8-8E5E-1DDD557F1591}.Release|Any CPU.ActiveCfg = Release|Any CPU
		{72A9E1EB-C3A3-46B8-8E5E-1DDD557F1591}.Release|Any CPU.Build.0 = Release|Any CPU
	EndGlobalSection
	GlobalSection(SolutionProperties) = preSolution
		HideSolutionNode = FALSE
	EndGlobalSection
	GlobalSection(ExtensibilityGlobals) = postSolution
		SolutionGuid = {2C786C81-0D53-4055-9B63-8654950AED0D}
	EndGlobalSection
EndGlobal
